{
  "name": "sudoku",
  "version": "1.0.0",
  "lockfileVersion": 2,
  "requires": true,
  "packages": {
    "": {
      "name": "sudoku",
      "version": "1.0.0",
      "license": "ISC",
      "dependencies": {
        "clr-js": "^1.0.1"
      }
    },
    "node_modules/clr-js": {
      "version": "1.0.1",
      "resolved": "https://registry.npmjs.org/clr-js/-/clr-js-1.0.1.tgz",
      "integrity": "sha512-8Ja5mZBjsNTfJbGd3hsDG+0WKQeqQ1KYwaTIToWsr31bHNniTRftrFJ4Op2TghgSYvOgSNd5AMEqRs06OF0/7w=="
    }
  },
  "dependencies": {
    "clr-js": {
      "version": "1.0.1",
      "resolved": "https://registry.npmjs.org/clr-js/-/clr-js-1.0.1.tgz",
      "integrity": "sha512-8Ja5mZBjsNTfJbGd3hsDG+0WKQeqQ1KYwaTIToWsr31bHNniTRftrFJ4Op2TghgSYvOgSNd5AMEqRs06OF0/7w=="
    }
  }
}
